
Microsoft Visual Studio Solution File, Format Version 12.00
# Visual Studio Version 17
VisualStudioVersion = 17.11.35222.181
MinimumVisualStudioVersion = 10.0.40219.1
Project("{8BC9CEB8-8B4A-11D0-8D11-00A0C91BC942}") = "PlatformerPrototype", "PlatformerPrototype\PlatformerPrototype.vcxproj", "{2577DD1F-1083-4B14-AF2D-720CD3AFAD1B}"
EndProject
Global
	GlobalSection(SolutionConfigurationPlatforms) = preSolution
		Debug|x64 = Debug|x64
		Debug|x86 = Debug|x86
		Release|x64 = Release|x64
		Release|x86 = Release|x86
	EndGlobalSection
	GlobalSection(ProjectConfigurationPlatforms) = postSolution
		{2577DD1F-1083-4B14-AF2D-720CD3AFAD1B}.Debug|x64.ActiveCfg = Debug|x64
		{2577DD1F-1083-4B14-AF2D-720CD3AFAD1B}.Debug|x64.Build.0 = Debug|x64
		{2577DD1F-1083-4B14-AF2D-720CD3AFAD1B}.Debug|x86.ActiveCfg = Debug|Win32
		{2577DD1F-1083-4B14-AF2D-720CD3AFAD1B}.Debug|x86.Build.0 = Debug|Win32
		{2577DD1F-1083-4B14-AF2D-720CD3AFAD1B}.Release|x64.ActiveCfg = Release|x64
		{2577DD1F-1083-4B14-AF2D-720CD3AFAD1B}.Release|x64.Build.0 = Release|x64
		{2577DD1F-1083-4B14-AF2D-720CD3AFAD1B}.Release|x86.ActiveCfg = Release|Win32
		{2577DD1F-1083-4B14-AF2D-720CD3AFAD1B}.Release|x86.Build.0 = Release|Win32
	EndGlobalSection
	GlobalSection(SolutionProperties) = preSolution
		HideSolutionNode = FALSE
	EndGlobalSection
	GlobalSection(ExtensibilityGlobals) = postSolution
		SolutionGuid = {7A9E505F-6606-4134-B5F5-318ABBA29DD3}
	EndGlobalSection
EndGlobal
